
Microsoft Visual Studio Solution File, Format Version 12.00
# Visual Studio Version 16
VisualStudioVersion = 16.0.29920.165
MinimumVisualStudioVersion = 10.0.40219.1
Project("{FAE04EC0-301F-11D3-BF4B-00C04F79EFBC}") = "WebApplication1", "WebApplication1\WebApplication1.csproj", "{6A0474A4-C7DB-460A-BCCC-DC1A0A8C707A}"
EndProject
Global
	GlobalSection(SolutionConfigurationPlatforms) = preSolution
		Debug|Any CPU = Debug|Any CPU
		Release|Any CPU = Release|Any CPU
	EndGlobalSection
	GlobalSection(ProjectConfigurationPlatforms) = postSolution
		{6A0474A4-C7DB-460A-BCCC-DC1A0A8C707A}.Debug|Any CPU.ActiveCfg = Debug|Any CPU
		{6A0474A4-C7DB-460A-BCCC-DC1A0A8C707A}.Debug|Any CPU.Build.0 = Debug|Any CPU
		{6A0474A4-C7DB-460A-BCCC-DC1A0A8C707A}.Release|Any CPU.ActiveCfg = Release|Any CPU
		{6A0474A4-C7DB-460A-BCCC-DC1A0A8C707A}.Release|Any CPU.Build.0 = Release|Any CPU
	EndGlobalSection
	GlobalSection(SolutionProperties) = preSolution
		HideSolutionNode = FALSE
	EndGlobalSection
	GlobalSection(ExtensibilityGlobals) = postSolution
		SolutionGuid = {0D1EF1EA-FECF-4635-933F-396AB4D3A50F}
	EndGlobalSection
EndGlobal
